
Microsoft Visual Studio Solution File, Format Version 12.00
# Visual Studio Version 17
VisualStudioVersion = 17.7.34018.315
MinimumVisualStudioVersion = 10.0.40219.1
Project("{9A19103F-16F7-4668-BE54-9A1E7A4F7556}") = "DonationAPP.WebAPI", "DonationAPP\DonationAPP.WebAPI.csproj", "{E1AB2C26-52AE-4C54-B754-CBD70266EC1B}"
EndProject
Project("{FAE04EC0-301F-11D3-BF4B-00C04F79EFBC}") = "DonationAPP.Dominio", "DonationAPP.Dominio\DonationAPP.Dominio.csproj", "{0EFD7E3F-0058-4CAE-8D7B-A0122E3EBB19}"
EndProject
Project("{FAE04EC0-301F-11D3-BF4B-00C04F79EFBC}") = "DonationAPP.Aplicacao", "DonationAPP.Aplicacao\DonationAPP.Aplicacao.csproj", "{FCE9062D-27D3-4FAF-B9E4-DACF4F3CC1A8}"
EndProject
Project("{2150E333-8FDC-42A3-9474-1A3956D46DE8}") = "assets", "assets", "{AF78FE3D-A3BE-4E3E-9AC4-1E95D4BECD51}"
	ProjectSection(SolutionItems) = preProject
		..\gitignore = ..\gitignore
	EndProjectSection
EndProject
Global
	GlobalSection(SolutionConfigurationPlatforms) = preSolution
		Debug|Any CPU = Debug|Any CPU
		Release|Any CPU = Release|Any CPU
	EndGlobalSection
	GlobalSection(ProjectConfigurationPlatforms) = postSolution
		{E1AB2C26-52AE-4C54-B754-CBD70266EC1B}.Debug|Any CPU.ActiveCfg = Debug|Any CPU
		{E1AB2C26-52AE-4C54-B754-CBD70266EC1B}.Debug|Any CPU.Build.0 = Debug|Any CPU
		{E1AB2C26-52AE-4C54-B754-CBD70266EC1B}.Release|Any CPU.ActiveCfg = Release|Any CPU
		{E1AB2C26-52AE-4C54-B754-CBD70266EC1B}.Release|Any CPU.Build.0 = Release|Any CPU
		{0EFD7E3F-0058-4CAE-8D7B-A0122E3EBB19}.Debug|Any CPU.ActiveCfg = Debug|Any CPU
		{0EFD7E3F-0058-4CAE-8D7B-A0122E3EBB19}.Debug|Any CPU.Build.0 = Debug|Any CPU
		{0EFD7E3F-0058-4CAE-8D7B-A0122E3EBB19}.Release|Any CPU.ActiveCfg = Release|Any CPU
		{0EFD7E3F-0058-4CAE-8D7B-A0122E3EBB19}.Release|Any CPU.Build.0 = Release|Any CPU
		{FCE9062D-27D3-4FAF-B9E4-DACF4F3CC1A8}.Debug|Any CPU.ActiveCfg = Debug|Any CPU
		{FCE9062D-27D3-4FAF-B9E4-DACF4F3CC1A8}.Debug|Any CPU.Build.0 = Debug|Any CPU
		{FCE9062D-27D3-4FAF-B9E4-DACF4F3CC1A8}.Release|Any CPU.ActiveCfg = Release|Any CPU
		{FCE9062D-27D3-4FAF-B9E4-DACF4F3CC1A8}.Release|Any CPU.Build.0 = Release|Any CPU
	EndGlobalSection
	GlobalSection(SolutionProperties) = preSolution
		HideSolutionNode = FALSE
	EndGlobalSection
	GlobalSection(ExtensibilityGlobals) = postSolution
		SolutionGuid = {3A2FF125-875B-44F3-9293-C035684A30AD}
	EndGlobalSection
EndGlobal
